// !$*UTF8*$!
{
	archiveVersion = 1;
	classes = {
	};
	objectVersion = 46;
	objects = {

/* Begin PBXBuildFile section */
		4302D7CC1F14ECB80056C4DE /* SNJoinListViewController.swift in Sources */ = {isa = PBXBuildFile; fileRef = 4302D7CB1F14ECB80056C4DE /* SNJoinListViewController.swift */; };
		4302D7CE1F1505970056C4DE /* SNInviteViewController.swift in Sources */ = {isa = PBXBuildFile; fileRef = 4302D7CD1F1505970056C4DE /* SNInviteViewController.swift */; };
		4302D7D01F1507340056C4DE /* SNSideMenuView.swift in Sources */ = {isa = PBXBuildFile; fileRef = 4302D7CF1F1507340056C4DE /* SNSideMenuView.swift */; };
		4387568F1EBFF915007F6F0C /* AppDelegate.swift in Sources */ = {isa = PBXBuildFile; fileRef = 4387568E1EBFF915007F6F0C /* AppDelegate.swift */; };
		438756911EBFF915007F6F0C /* ViewController.swift in Sources */ = {isa = PBXBuildFile; fileRef = 438756901EBFF915007F6F0C /* ViewController.swift */; };
		438756941EBFF915007F6F0C /* Main.storyboard in Resources */ = {isa = PBXBuildFile; fileRef = 438756921EBFF915007F6F0C /* Main.storyboard */; };
		438756961EBFF915007F6F0C /* Assets.xcassets in Resources */ = {isa = PBXBuildFile; fileRef = 438756951EBFF915007F6F0C /* Assets.xcassets */; };
		438756991EBFF915007F6F0C /* LaunchScreen.storyboard in Resources */ = {isa = PBXBuildFile; fileRef = 438756971EBFF915007F6F0C /* LaunchScreen.storyboard */; };
		43A294331F0EAF6A0036CDA6 /* SNListViewController.swift in Sources */ = {isa = PBXBuildFile; fileRef = 43A294321F0EAF6A0036CDA6 /* SNListViewController.swift */; };
		43A2943B1F0EC74B0036CDA6 /* SNListTableViewCell.swift in Sources */ = {isa = PBXBuildFile; fileRef = 43A2943A1F0EC74B0036CDA6 /* SNListTableViewCell.swift */; };
		43A2943D1F0ED6350036CDA6 /* SNCreateItemViewController.swift in Sources */ = {isa = PBXBuildFile; fileRef = 43A2943C1F0ED6350036CDA6 /* SNCreateItemViewController.swift */; };
		839B88C2E62844611721574E /* Pods_SnapList.framework in Frameworks */ = {isa = PBXBuildFile; fileRef = 28497F6697098397F89EC2AE /* Pods_SnapList.framework */; };
/* End PBXBuildFile section */

/* Begin PBXFileReference section */
		28497F6697098397F89EC2AE /* Pods_SnapList.framework */ = {isa = PBXFileReference; explicitFileType = wrapper.framework; includeInIndex = 0; path = Pods_SnapList.framework; sourceTree = BUILT_PRODUCTS_DIR; };
		3BD166DFAB69BEFEDC47E238 /* Pods-SnapList.release.xcconfig */ = {isa = PBXFileReference; includeInIndex = 1; lastKnownFileType = text.xcconfig; name = "Pods-SnapList.release.xcconfig"; path = "Pods/Target Support Files/Pods-SnapList/Pods-SnapList.release.xcconfig"; sourceTree = "<group>"; };
		4302D7CB1F14ECB80056C4DE /* SNJoinListViewController.swift */ = {isa = PBXFileReference; fileEncoding = 4; lastKnownFileType = sourcecode.swift; path = SNJoinListViewController.swift; sourceTree = "<group>"; };
		4302D7CD1F1505970056C4DE /* SNInviteViewController.swift */ = {isa = PBXFileReference; fileEncoding = 4; lastKnownFileType = sourcecode.swift; path = SNInviteViewController.swift; sourceTree = "<group>"; };
		4302D7CF1F1507340056C4DE /* SNSideMenuView.swift */ = {isa = PBXFileReference; fileEncoding = 4; lastKnownFileType = sourcecode.swift; path = SNSideMenuView.swift; sourceTree = "<group>"; };
		4387568B1EBFF915007F6F0C /* SnapList.app */ = {isa = PBXFileReference; explicitFileType = wrapper.application; includeInIndex = 0; path = SnapList.app; sourceTree = BUILT_PRODUCTS_DIR; };
		4387568E1EBFF915007F6F0C /* AppDelegate.swift */ = {isa = PBXFileReference; lastKnownFileType = sourcecode.swift; path = AppDelegate.swift; sourceTree = "<group>"; };
		438756901EBFF915007F6F0C /* ViewController.swift */ = {isa = PBXFileReference; lastKnownFileType = sourcecode.swift; path = ViewController.swift; sourceTree = "<group>"; };
		438756931EBFF915007F6F0C /* Base */ = {isa = PBXFileReference; lastKnownFileType = file.storyboard; name = Base; path = Base.lproj/Main.storyboard; sourceTree = "<group>"; };
		438756951EBFF915007F6F0C /* Assets.xcassets */ = {isa = PBXFileReference; lastKnownFileType = folder.assetcatalog; path = Assets.xcassets; sourceTree = "<group>"; };
		438756981EBFF915007F6F0C /* Base */ = {isa = PBXFileReference; lastKnownFileType = file.storyboard; name = Base; path = Base.lproj/LaunchScreen.storyboard; sourceTree = "<group>"; };
		4387569A1EBFF915007F6F0C /* Info.plist */ = {isa = PBXFileReference; lastKnownFileType = text.plist.xml; path = Info.plist; sourceTree = "<group>"; };
		43A294321F0EAF6A0036CDA6 /* SNListViewController.swift */ = {isa = PBXFileReference; fileEncoding = 4; lastKnownFileType = sourcecode.swift; path = SNListViewController.swift; sourceTree = "<group>"; };
		43A2943A1F0EC74B0036CDA6 /* SNListTableViewCell.swift */ = {isa = PBXFileReference; fileEncoding = 4; lastKnownFileType = sourcecode.swift; path = SNListTableViewCell.swift; sourceTree = "<group>"; };
		43A2943C1F0ED6350036CDA6 /* SNCreateItemViewController.swift */ = {isa = PBXFileReference; fileEncoding = 4; lastKnownFileType = sourcecode.swift; path = SNCreateItemViewController.swift; sourceTree = "<group>"; };
		884F902A3624F51B8BD467F0 /* Pods-SnapList.debug.xcconfig */ = {isa = PBXFileReference; includeInIndex = 1; lastKnownFileType = text.xcconfig; name = "Pods-SnapList.debug.xcconfig"; path = "Pods/Target Support Files/Pods-SnapList/Pods-SnapList.debug.xcconfig"; sourceTree = "<group>"; };
/* End PBXFileReference section */

/* Begin PBXFrameworksBuildPhase section */
		438756881EBFF915007F6F0C /* Frameworks */ = {
			isa = PBXFrameworksBuildPhase;
			buildActionMask = 2147483647;
			files = (
				839B88C2E62844611721574E /* Pods_SnapList.framework in Frameworks */,
			);
			runOnlyForDeploymentPostprocessing = 0;
		};
/* End PBXFrameworksBuildPhase section */

/* Begin PBXGroup section */
		2795002F14007BA3810FE816 /* Frameworks */ = {
			isa = PBXGroup;
			children = (
				28497F6697098397F89EC2AE /* Pods_SnapList.framework */,
			);
			name = Frameworks;
			sourceTree = "<group>";
		};
		438756821EBFF915007F6F0C = {
			isa = PBXGroup;
			children = (
				4387568D1EBFF915007F6F0C /* SnapList */,
				4387568C1EBFF915007F6F0C /* Products */,
				DF7022B957EFF3D2D9E0932B /* Pods */,
				2795002F14007BA3810FE816 /* Frameworks */,
			);
			sourceTree = "<group>";
		};
		4387568C1EBFF915007F6F0C /* Products */ = {
			isa = PBXGroup;
			children = (
				4387568B1EBFF915007F6F0C /* SnapList.app */,
			);
			name = Products;
			sourceTree = "<group>";
		};
		4387568D1EBFF915007F6F0C /* SnapList */ = {
			isa = PBXGroup;
			children = (
				4387568E1EBFF915007F6F0C /* AppDelegate.swift */,
				438756901EBFF915007F6F0C /* ViewController.swift */,
				4302D7CD1F1505970056C4DE /* SNInviteViewController.swift */,
				43A2943C1F0ED6350036CDA6 /* SNCreateItemViewController.swift */,
				4302D7CB1F14ECB80056C4DE /* SNJoinListViewController.swift */,
				43A294321F0EAF6A0036CDA6 /* SNListViewController.swift */,
				43A2943A1F0EC74B0036CDA6 /* SNListTableViewCell.swift */,
				4302D7CF1F1507340056C4DE /* SNSideMenuView.swift */,
				438756921EBFF915007F6F0C /* Main.storyboard */,
				438756951EBFF915007F6F0C /* Assets.xcassets */,
				438756971EBFF915007F6F0C /* LaunchScreen.storyboard */,
				4387569A1EBFF915007F6F0C /* Info.plist */,
			);
			path = SnapList;
			sourceTree = "<group>";
		};
		DF7022B957EFF3D2D9E0932B /* Pods */ = {
			isa = PBXGroup;
			children = (
				884F902A3624F51B8BD467F0 /* Pods-SnapList.debug.xcconfig */,
				3BD166DFAB69BEFEDC47E238 /* Pods-SnapList.release.xcconfig */,
			);
			name = Pods;
			sourceTree = "<group>";
		};
/* End PBXGroup section */

/* Begin PBXNativeTarget section */
		4387568A1EBFF915007F6F0C /* SnapList */ = {
			isa = PBXNativeTarget;
			buildConfigurationList = 4387569D1EBFF915007F6F0C /* Build configuration list for PBXNativeTarget "SnapList" */;
			buildPhases = (
				756F9F473A1987A69DBFF34C /* [CP] Check Pods Manifest.lock */,
				438756871EBFF915007F6F0C /* Sources */,
				438756881EBFF915007F6F0C /* Frameworks */,
				438756891EBFF915007F6F0C /* Resources */,
				C24B87630963C002536C4E30 /* [CP] Embed Pods Frameworks */,
				B1558A3E042618B199874457 /* [CP] Copy Pods Resources */,
			);
			buildRules = (
			);
			dependencies = (
			);
			name = SnapList;
			productName = SnapList;
			productReference = 4387568B1EBFF915007F6F0C /* SnapList.app */;
			productType = "com.apple.product-type.application";
		};
/* End PBXNativeTarget section */

/* Begin PBXProject section */
		438756831EBFF915007F6F0C /* Project object */ = {
			isa = PBXProject;
			attributes = {
				LastSwiftUpdateCheck = 0830;
				LastUpgradeCheck = 0830;
				ORGANIZATIONNAME = AamirAnwar;
				TargetAttributes = {
					4387568A1EBFF915007F6F0C = {
						CreatedOnToolsVersion = 8.3.2;
						DevelopmentTeam = C3RT9P7X65;
						ProvisioningStyle = Automatic;
					};
				};
			};
			buildConfigurationList = 438756861EBFF915007F6F0C /* Build configuration list for PBXProject "SnapList" */;
			compatibilityVersion = "Xcode 3.2";
			developmentRegion = English;
			hasScannedForEncodings = 0;
			knownRegions = (
				en,
				Base,
			);
			mainGroup = 438756821EBFF915007F6F0C;
			productRefGroup = 4387568C1EBFF915007F6F0C /* Products */;
			projectDirPath = "";
			projectRoot = "";
			targets = (
				4387568A1EBFF915007F6F0C /* SnapList */,
			);
		};
/* End PBXProject section */

/* Begin PBXResourcesBuildPhase section */
		438756891EBFF915007F6F0C /* Resources */ = {
			isa = PBXResourcesBuildPhase;
			buildActionMask = 2147483647;
			files = (
				438756991EBFF915007F6F0C /* LaunchScreen.storyboard in Resources */,
				438756961EBFF915007F6F0C /* Assets.xcassets in Resources */,
				438756941EBFF915007F6F0C /* Main.storyboard in Resources */,
			);
			runOnlyForDeploymentPostprocessing = 0;
		};
/* End PBXResourcesBuildPhase section */

/* Begin PBXShellScriptBuildPhase section */
		756F9F473A1987A69DBFF34C /* [CP] Check Pods Manifest.lock */ = {
			isa = PBXShellScriptBuildPhase;
			buildActionMask = 2147483647;
			files = (
			);
			inputPaths = (
			);
			name = "[CP] Check Pods Manifest.lock";
			outputPaths = (
			);
			runOnlyForDeploymentPostprocessing = 0;
			shellPath = /bin/sh;
			shellScript = "diff \"${PODS_PODFILE_DIR_PATH}/Podfile.lock\" \"${PODS_ROOT}/Manifest.lock\" > /dev/null\nif [ $? != 0 ] ; then\n    # print error to STDERR\n    echo \"error: The sandbox is not in sync with the Podfile.lock. Run 'pod install' or update your CocoaPods installation.\" >&2\n    exit 1\nfi\n";
			showEnvVarsInLog = 0;
		};
		B1558A3E042618B199874457 /* [CP] Copy Pods Resources */ = {
			isa = PBXShellScriptBuildPhase;
			buildActionMask = 2147483647;
			files = (
			);
			inputPaths = (
			);
			name = "[CP] Copy Pods Resources";
			outputPaths = (
			);
			runOnlyForDeploymentPostprocessing = 0;
			shellPath = /bin/sh;
			shellScript = "\"${SRCROOT}/Pods/Target Support Files/Pods-SnapList/Pods-SnapList-resources.sh\"\n";
			showEnvVarsInLog = 0;
		};
		C24B87630963C002536C4E30 /* [CP] Embed Pods Frameworks */ = {
			isa = PBXShellScriptBuildPhase;
			buildActionMask = 2147483647;
			files = (
			);
			inputPaths = (
			);
			name = "[CP] Embed Pods Frameworks";
			outputPaths = (
			);
			runOnlyForDeploymentPostprocessing = 0;
			shellPath = /bin/sh;
			shellScript = "\"${SRCROOT}/Pods/Target Support Files/Pods-SnapList/Pods-SnapList-frameworks.sh\"\n";
			showEnvVarsInLog = 0;
		};
/* End PBXShellScriptBuildPhase section */

/* Begin PBXSourcesBuildPhase section */
		438756871EBFF915007F6F0C /* Sources */ = {
			isa = PBXSourcesBuildPhase;
			buildActionMask = 2147483647;
			files = (
				43A2943B1F0EC74B0036CDA6 /* SNListTableViewCell.swift in Sources */,
				4302D7CE1F1505970056C4DE /* SNInviteViewController.swift in Sources */,
				4302D7CC1F14ECB80056C4DE /* SNJoinListViewController.swift in Sources */,
				438756911EBFF915007F6F0C /* ViewController.swift in Sources */,
				43A294331F0EAF6A0036CDA6 /* SNListViewController.swift in Sources */,
				4302D7D01F1507340056C4DE /* SNSideMenuView.swift in Sources */,
				4387568F1EBFF915007F6F0C /* AppDelegate.swift in Sources */,
				43A2943D1F0ED6350036CDA6 /* SNCreateItemViewController.swift in Sources */,
			);
			runOnlyForDeploymentPostprocessing = 0;
		};
/* End PBXSourcesBuildPhase section */

/* Begin PBXVariantGroup section */
		438756921EBFF915007F6F0C /* Main.storyboard */ = {
			isa = PBXVariantGroup;
			children = (
				438756931EBFF915007F6F0C /* Base */,
			);
			name = Main.storyboard;
			sourceTree = "<group>";
		};
		438756971EBFF915007F6F0C /* LaunchScreen.storyboard */ = {
			isa = PBXVariantGroup;
			children = (
				438756981EBFF915007F6F0C /* Base */,
			);
			name = LaunchScreen.storyboard;
			sourceTree = "<group>";
		};
/* End PBXVariantGroup section */

/* Begin XCBuildConfiguration section */
		4387569B1EBFF915007F6F0C /* Debug */ = {
			isa = XCBuildConfiguration;
			buildSettings = {
				ALWAYS_SEARCH_USER_PATHS = NO;
				CLANG_ANALYZER_NONNULL = YES;
				CLANG_ANALYZER_NUMBER_OBJECT_CONVERSION = YES_AGGRESSIVE;
				CLANG_CXX_LANGUAGE_STANDARD = "gnu++0x";
				CLANG_CXX_LIBRARY = "libc++";
				CLANG_ENABLE_MODULES = YES;
				CLANG_ENABLE_OBJC_ARC = YES;
				CLANG_WARN_BOOL_CONVERSION = YES;
				CLANG_WARN_CONSTANT_CONVERSION = YES;
				CLANG_WARN_DIRECT_OBJC_ISA_USAGE = YES_ERROR;
				CLANG_WARN_DOCUMENTATION_COMMENTS = YES;
				CLANG_WARN_EMPTY_BODY = YES;
				CLANG_WARN_ENUM_CONVERSION = YES;
				CLANG_WARN_INFINITE_RECURSION = YES;
				CLANG_WARN_INT_CONVERSION = YES;
				CLANG_WARN_OBJC_ROOT_CLASS = YES_ERROR;
				CLANG_WARN_SUSPICIOUS_MOVE = YES;
				CLANG_WARN_UNREACHABLE_CODE = YES;
				CLANG_WARN__DUPLICATE_METHOD_MATCH = YES;
				"CODE_SIGN_IDENTITY[sdk=iphoneos*]" = "iPhone Developer";
				COPY_PHASE_STRIP = NO;
				DEBUG_INFORMATION_FORMAT = dwarf;
				ENABLE_STRICT_OBJC_MSGSEND = YES;
				ENABLE_TESTABILITY = YES;
				GCC_C_LANGUAGE_STANDARD = gnu99;
				GCC_DYNAMIC_NO_PIC = NO;
				GCC_NO_COMMON_BLOCKS = YES;
				GCC_OPTIMIZATION_LEVEL = 0;
				GCC_PREPROCESSOR_DEFINITIONS = (
					"DEBUG=1",
					"$(inherited)",
				);
				GCC_WARN_64_TO_32_BIT_CONVERSION = YES;
				GCC_WARN_ABOUT_RETURN_TYPE = YES_ERROR;
				GCC_WARN_UNDECLARED_SELECTOR = YES;
				GCC_WARN_UNINITIALIZED_AUTOS = YES_AGGRESSIVE;
				GCC_WARN_UNUSED_FUNCTION = YES;
				GCC_WARN_UNUSED_VARIABLE = YES;
				IPHONEOS_DEPLOYMENT_TARGET = 10.3;
				MTL_ENABLE_DEBUG_INFO = YES;
				ONLY_ACTIVE_ARCH = YES;
				SDKROOT = iphoneos;
				SWIFT_ACTIVE_COMPILATION_CONDITIONS = DEBUG;
				SWIFT_OPTIMIZATION_LEVEL = "-Onone";
			};
			name = Debug;
		};
		4387569C1EBFF915007F6F0C /* Release */ = {
			isa = XCBuildConfiguration;
			buildSettings = {
				ALWAYS_SEARCH_USER_PATHS = NO;
				CLANG_ANALYZER_NONNULL = YES;
				CLANG_ANALYZER_NUMBER_OBJECT_CONVERSION = YES_AGGRESSIVE;
				CLANG_CXX_LANGUAGE_STANDARD = "gnu++0x";
				CLANG_CXX_LIBRARY = "libc++";
				CLANG_ENABLE_MODULES = YES;
				CLANG_ENABLE_OBJC_ARC = YES;
				CLANG_WARN_BOOL_CONVERSION = YES;
				CLANG_WARN_CONSTANT_CONVERSION = YES;
				CLANG_WARN_DIRECT_OBJC_ISA_USAGE = YES_ERROR;
				CLANG_WARN_DOCUMENTATION_COMMENTS = YES;
				CLANG_WARN_EMPTY_BODY = YES;
				CLANG_WARN_ENUM_CONVERSION = YES;
				CLANG_WARN_INFINITE_RECURSION = YES;
				CLANG_WARN_INT_CONVERSION = YES;
				CLANG_WARN_OBJC_ROOT_CLASS = YES_ERROR;
				CLANG_WARN_SUSPICIOUS_MOVE = YES;
				CLANG_WARN_UNREACHABLE_CODE = YES;
				CLANG_WARN__DUPLICATE_METHOD_MATCH = YES;
				"CODE_SIGN_IDENTITY[sdk=iphoneos*]" = "iPhone Developer";
				COPY_PHASE_STRIP = NO;
				DEBUG_INFORMATION_FORMAT = "dwarf-with-dsym";
				ENABLE_NS_ASSERTIONS = NO;
				ENABLE_STRICT_OBJC_MSGSEND = YES;
				GCC_C_LANGUAGE_STANDARD = gnu99;
				GCC_NO_COMMON_BLOCKS = YES;
				GCC_WARN_64_TO_32_BIT_CONVERSION = YES;
				GCC_WARN_ABOUT_RETURN_TYPE = YES_ERROR;
				GCC_WARN_UNDECLARED_SELECTOR = YES;
				GCC_WARN_UNINITIALIZED_AUTOS = YES_AGGRESSIVE;
				GCC_WARN_UNUSED_FUNCTION = YES;
				GCC_WARN_UNUSED_VARIABLE = YES;
				IPHONEOS_DEPLOYMENT_TARGET = 10.3;
				MTL_ENABLE_DEBUG_INFO = NO;
				SDKROOT = iphoneos;
				SWIFT_OPTIMIZATION_LEVEL = "-Owholemodule";
				VALIDATE_PRODUCT = YES;
			};
			name = Release;
		};
		4387569E1EBFF915007F6F0C /* Debug */ = {
			isa = XCBuildConfiguration;
			baseConfigurationReference = 884F902A3624F51B8BD467F0 /* Pods-SnapList.debug.xcconfig */;
			buildSettings = {
				ASSETCATALOG_COMPILER_APPICON_NAME = AppIcon;
				DEVELOPMENT_TEAM = C3RT9P7X65;
				INFOPLIST_FILE = SnapList/Info.plist;
				LD_RUNPATH_SEARCH_PATHS = "$(inherited) @executable_path/Frameworks";
				PRODUCT_BUNDLE_IDENTIFIER = com.aamiranwar.SnapList;
				PRODUCT_NAME = "$(TARGET_NAME)";
				SWIFT_VERSION = 3.0;
			};
			name = Debug;
		};
		4387569F1EBFF915007F6F0C /* Release */ = {
			isa = XCBuildConfiguration;
			baseConfigurationReference = 3BD166DFAB69BEFEDC47E238 /* Pods-SnapList.release.xcconfig */;
			buildSettings = {
				ASSETCATALOG_COMPILER_APPICON_NAME = AppIcon;
				DEVELOPMENT_TEAM = C3RT9P7X65;
				INFOPLIST_FILE = SnapList/Info.plist;
				LD_RUNPATH_SEARCH_PATHS = "$(inherited) @executable_path/Frameworks";
				PRODUCT_BUNDLE_IDENTIFIER = com.aamiranwar.SnapList;
				PRODUCT_NAME = "$(TARGET_NAME)";
				SWIFT_VERSION = 3.0;
			};
			name = Release;
		};
/* End XCBuildConfiguration section */

/* Begin XCConfigurationList section */
		438756861EBFF915007F6F0C /* Build configuration list for PBXProject "SnapList" */ = {
			isa = XCConfigurationList;
			buildConfigurations = (
				4387569B1EBFF915007F6F0C /* Debug */,
				4387569C1EBFF915007F6F0C /* Release */,
			);
			defaultConfigurationIsVisible = 0;
			defaultConfigurationName = Release;
		};
		4387569D1EBFF915007F6F0C /* Build configuration list for PBXNativeTarget "SnapList" */ = {
			isa = XCConfigurationList;
			buildConfigurations = (
				4387569E1EBFF915007F6F0C /* Debug */,
				4387569F1EBFF915007F6F0C /* Release */,
			);
			defaultConfigurationIsVisible = 0;
			defaultConfigurationName = Release;
		};
/* End XCConfigurationList section */
	};
	rootObject = 438756831EBFF915007F6F0C /* Project object */;
}
